
Microsoft Visual Studio Solution File, Format Version 12.00
# Visual Studio Version 17
VisualStudioVersion = 17.0.31903.59
MinimumVisualStudioVersion = 10.0.40219.1
Project("{2150E333-8FDC-42A3-9474-1A3956D46DE8}") = "src", "src", "{111E48E6-51BE-4245-BEE4-98384C05BFA3}"
EndProject
Project("{FAE04EC0-301F-11D3-BF4B-00C04F79EFBC}") = "FinCashly.API", "src\FinCashly.API\FinCashly.API.csproj", "{FF241545-2362-48AD-B7FE-C1E0BDE492F8}"
EndProject
Project("{FAE04EC0-301F-11D3-BF4B-00C04F79EFBC}") = "FinCashly.Application", "src\FinCashly.Application\FinCashly.Application.csproj", "{C4101D8A-4D78-4DC2-980E-9F55AB201E23}"
EndProject
Project("{FAE04EC0-301F-11D3-BF4B-00C04F79EFBC}") = "FinCashly.Domain", "src\FinCashly.Domain\FinCashly.Domain.csproj", "{F7D3BBBF-14A8-41B8-9FAF-7406091DC2B8}"
EndProject
Project("{FAE04EC0-301F-11D3-BF4B-00C04F79EFBC}") = "FinCashly.Infrastructure", "src\FinCashly.Infrastructure\FinCashly.Infrastructure.csproj", "{CF3D8525-D7D1-40C3-A548-459A76A99894}"
EndProject
Global
	GlobalSection(SolutionConfigurationPlatforms) = preSolution
		Debug|Any CPU = Debug|Any CPU
		Release|Any CPU = Release|Any CPU
	EndGlobalSection
	GlobalSection(SolutionProperties) = preSolution
		HideSolutionNode = FALSE
	EndGlobalSection
	GlobalSection(ProjectConfigurationPlatforms) = postSolution
		{FF241545-2362-48AD-B7FE-C1E0BDE492F8}.Debug|Any CPU.ActiveCfg = Debug|Any CPU
		{FF241545-2362-48AD-B7FE-C1E0BDE492F8}.Debug|Any CPU.Build.0 = Debug|Any CPU
		{FF241545-2362-48AD-B7FE-C1E0BDE492F8}.Release|Any CPU.ActiveCfg = Release|Any CPU
		{FF241545-2362-48AD-B7FE-C1E0BDE492F8}.Release|Any CPU.Build.0 = Release|Any CPU
		{C4101D8A-4D78-4DC2-980E-9F55AB201E23}.Debug|Any CPU.ActiveCfg = Debug|Any CPU
		{C4101D8A-4D78-4DC2-980E-9F55AB201E23}.Debug|Any CPU.Build.0 = Debug|Any CPU
		{C4101D8A-4D78-4DC2-980E-9F55AB201E23}.Release|Any CPU.ActiveCfg = Release|Any CPU
		{C4101D8A-4D78-4DC2-980E-9F55AB201E23}.Release|Any CPU.Build.0 = Release|Any CPU
		{F7D3BBBF-14A8-41B8-9FAF-7406091DC2B8}.Debug|Any CPU.ActiveCfg = Debug|Any CPU
		{F7D3BBBF-14A8-41B8-9FAF-7406091DC2B8}.Debug|Any CPU.Build.0 = Debug|Any CPU
		{F7D3BBBF-14A8-41B8-9FAF-7406091DC2B8}.Release|Any CPU.ActiveCfg = Release|Any CPU
		{F7D3BBBF-14A8-41B8-9FAF-7406091DC2B8}.Release|Any CPU.Build.0 = Release|Any CPU
		{CF3D8525-D7D1-40C3-A548-459A76A99894}.Debug|Any CPU.ActiveCfg = Debug|Any CPU
		{CF3D8525-D7D1-40C3-A548-459A76A99894}.Debug|Any CPU.Build.0 = Debug|Any CPU
		{CF3D8525-D7D1-40C3-A548-459A76A99894}.Release|Any CPU.ActiveCfg = Release|Any CPU
		{CF3D8525-D7D1-40C3-A548-459A76A99894}.Release|Any CPU.Build.0 = Release|Any CPU
	EndGlobalSection
	GlobalSection(NestedProjects) = preSolution
		{FF241545-2362-48AD-B7FE-C1E0BDE492F8} = {111E48E6-51BE-4245-BEE4-98384C05BFA3}
		{C4101D8A-4D78-4DC2-980E-9F55AB201E23} = {111E48E6-51BE-4245-BEE4-98384C05BFA3}
		{F7D3BBBF-14A8-41B8-9FAF-7406091DC2B8} = {111E48E6-51BE-4245-BEE4-98384C05BFA3}
		{CF3D8525-D7D1-40C3-A548-459A76A99894} = {111E48E6-51BE-4245-BEE4-98384C05BFA3}
	EndGlobalSection
EndGlobal
